
Microsoft Visual Studio Solution File, Format Version 12.00
# Visual Studio 15
Project("{FAE04EC0-301F-11D3-BF4B-00C04F79EFBC}") = "Unity.Postprocessing.Runtime", "Unity.Postprocessing.Runtime.csproj", "{E64ED9F8-06D9-3272-2C39-124B24D2A244}"
EndProject
Project("{FAE04EC0-301F-11D3-BF4B-00C04F79EFBC}") = "Assembly-CSharp", "Assembly-CSharp.csproj", "{97822614-E119-CEEB-1B7F-05AB0CC72F69}"
EndProject
Project("{FAE04EC0-301F-11D3-BF4B-00C04F79EFBC}") = "Unity.Postprocessing.Runtime.Tests", "Unity.Postprocessing.Runtime.Tests.csproj", "{44A918D4-66D8-B82A-49A8-B0989E61FE2D}"
EndProject
Project("{FAE04EC0-301F-11D3-BF4B-00C04F79EFBC}") = "Unity.Postprocessing.Editor", "Unity.Postprocessing.Editor.csproj", "{D30C19A5-0075-88C3-FCDA-DFAFE402C2F2}"
EndProject
Project("{FAE04EC0-301F-11D3-BF4B-00C04F79EFBC}") = "Unity.Postprocessing.Editor.Tests", "Unity.Postprocessing.Editor.Tests.csproj", "{0387990F-3D48-CD25-AFE7-543EBE44F279}"
EndProject
Project("{FAE04EC0-301F-11D3-BF4B-00C04F79EFBC}") = "Assembly-CSharp-Editor", "Assembly-CSharp-Editor.csproj", "{91BAAE6C-9FE9-CE9D-518B-519B7018D889}"
EndProject
Global
	GlobalSection(SolutionConfigurationPlatforms) = preSolution
		Debug|Any CPU = Debug|Any CPU
		Release|Any CPU = Release|Any CPU
	EndGlobalSection
	GlobalSection(ProjectConfigurationPlatforms) = postSolution
		{E64ED9F8-06D9-3272-2C39-124B24D2A244}.Debug|Any CPU.ActiveCfg = Debug|Any CPU
		{E64ED9F8-06D9-3272-2C39-124B24D2A244}.Debug|Any CPU.Build.0 = Debug|Any CPU
		{E64ED9F8-06D9-3272-2C39-124B24D2A244}.Release|Any CPU.ActiveCfg = Release|Any CPU
		{E64ED9F8-06D9-3272-2C39-124B24D2A244}.Release|Any CPU.Build.0 = Release|Any CPU
		{97822614-E119-CEEB-1B7F-05AB0CC72F69}.Debug|Any CPU.ActiveCfg = Debug|Any CPU
		{97822614-E119-CEEB-1B7F-05AB0CC72F69}.Debug|Any CPU.Build.0 = Debug|Any CPU
		{97822614-E119-CEEB-1B7F-05AB0CC72F69}.Release|Any CPU.ActiveCfg = Release|Any CPU
		{97822614-E119-CEEB-1B7F-05AB0CC72F69}.Release|Any CPU.Build.0 = Release|Any CPU
		{44A918D4-66D8-B82A-49A8-B0989E61FE2D}.Debug|Any CPU.ActiveCfg = Debug|Any CPU
		{44A918D4-66D8-B82A-49A8-B0989E61FE2D}.Debug|Any CPU.Build.0 = Debug|Any CPU
		{44A918D4-66D8-B82A-49A8-B0989E61FE2D}.Release|Any CPU.ActiveCfg = Release|Any CPU
		{44A918D4-66D8-B82A-49A8-B0989E61FE2D}.Release|Any CPU.Build.0 = Release|Any CPU
		{D30C19A5-0075-88C3-FCDA-DFAFE402C2F2}.Debug|Any CPU.ActiveCfg = Debug|Any CPU
		{D30C19A5-0075-88C3-FCDA-DFAFE402C2F2}.Debug|Any CPU.Build.0 = Debug|Any CPU
		{D30C19A5-0075-88C3-FCDA-DFAFE402C2F2}.Release|Any CPU.ActiveCfg = Release|Any CPU
		{D30C19A5-0075-88C3-FCDA-DFAFE402C2F2}.Release|Any CPU.Build.0 = Release|Any CPU
		{0387990F-3D48-CD25-AFE7-543EBE44F279}.Debug|Any CPU.ActiveCfg = Debug|Any CPU
		{0387990F-3D48-CD25-AFE7-543EBE44F279}.Debug|Any CPU.Build.0 = Debug|Any CPU
		{0387990F-3D48-CD25-AFE7-543EBE44F279}.Release|Any CPU.ActiveCfg = Release|Any CPU
		{0387990F-3D48-CD25-AFE7-543EBE44F279}.Release|Any CPU.Build.0 = Release|Any CPU
		{91BAAE6C-9FE9-CE9D-518B-519B7018D889}.Debug|Any CPU.ActiveCfg = Debug|Any CPU
		{91BAAE6C-9FE9-CE9D-518B-519B7018D889}.Debug|Any CPU.Build.0 = Debug|Any CPU
		{91BAAE6C-9FE9-CE9D-518B-519B7018D889}.Release|Any CPU.ActiveCfg = Release|Any CPU
		{91BAAE6C-9FE9-CE9D-518B-519B7018D889}.Release|Any CPU.Build.0 = Release|Any CPU
	EndGlobalSection
	GlobalSection(SolutionProperties) = preSolution
		HideSolutionNode = FALSE
	EndGlobalSection
EndGlobal
